github.com/joeshaw/peercred v0.0.0-20200928174302-6d43623cf0ff h1:VWnGXLgNsrotOvZbQsB05Mz5QTLS2eGLYyfTlChbGAE=
github.com/joeshaw/peercred v0.0.0-20200928174302-6d43623cf0ff/go.mod h1:MQ1ideI6aSvIM4/wxn5uV5+OFskSyeDsF8ImdGb9CGk=
golang.org/x/sys v0.0.0-20200926100807-9d91bd62050c h1:38q6VNPWR010vN82/SB121GujZNIfAUb4YttE2rhGuc=
golang.org/x/sys v0.0.0-20200926100807-9d91bd62050c/go.mod h1:h1NjWce9XRLGQEsW7wpKNCjG9DtNlClVuFLEZdDNbEs=
