github.com/Doridian/peercred v0.0.0-20251002044523-f169f71214ec h1:OtSM6Hra9F+DvDoWIlJVkDp1XDQ2+OM8Iwl6BsrOozw=
github.com/Doridian/peercred v0.0.0-20251002044523-f169f71214ec/go.mod h1:joCGWFg0+RPNFRjkMZwwcRRue6F8FbtFGXoZJHCvrRQ=
golang.org/x/sys v0.36.0 h1:KVRy2GtZBrk1cBYA7MKu5bEZFxQk4NIDV6RLVcC8o0k=
golang.org/x/sys v0.36.0/go.mod h1:OgkHotnGiDImocRcuBABYBEXf8A9a87e/uXjp9XT3ks=
